
Microsoft Visual Studio Solution File, Format Version 12.00
# Visual Studio 15
VisualStudioVersion = 15.0.28307.572
MinimumVisualStudioVersion = 10.0.40219.1
Project("{FAE04EC0-301F-11D3-BF4B-00C04F79EFBC}") = "testJWTConsumer.Data", "testJWTConsumer.Data\testJWTConsumer.Data.csproj", "{1BEA8DBB-DC62-44BC-A8D6-8397FC944C83}"
EndProject
Project("{FAE04EC0-301F-11D3-BF4B-00C04F79EFBC}") = "testJWTConsumer.Service", "testJWTConsumer.Service\testJWTConsumer.Service.csproj", "{CEE27D57-E044-4A37-8933-6EAD1A3B75D3}"
EndProject
Project("{FAE04EC0-301F-11D3-BF4B-00C04F79EFBC}") = "testJWTConsumer.Api", "testJWTConsumer.Api\testJWTConsumer.Api.csproj", "{5B1957FE-11CC-4AF0-AD64-12413D8FB483}"
EndProject
Project("{FAE04EC0-301F-11D3-BF4B-00C04F79EFBC}") = "testJWTConsumer.Web", "testJWTConsumer.Web\testJWTConsumer.Web.csproj", "{CAD85E97-C853-4D5C-89F0-F299233A7088}"
EndProject
Project("{FAE04EC0-301F-11D3-BF4B-00C04F79EFBC}") = "testJWTConsumer.RabbitMQ", "testJWTConsumer.RabbitMQ\testJWTConsumer.RabbitMQ.csproj", "{F14DF0F4-9787-4E4B-B16A-EDE2E821E366}"
EndProject
Global
	GlobalSection(SolutionConfigurationPlatforms) = preSolution
		Debug|Any CPU = Debug|Any CPU
		Release|Any CPU = Release|Any CPU
	EndGlobalSection
	GlobalSection(ProjectConfigurationPlatforms) = postSolution
		{1BEA8DBB-DC62-44BC-A8D6-8397FC944C83}.Debug|Any CPU.ActiveCfg = Debug|Any CPU
		{1BEA8DBB-DC62-44BC-A8D6-8397FC944C83}.Debug|Any CPU.Build.0 = Debug|Any CPU
		{1BEA8DBB-DC62-44BC-A8D6-8397FC944C83}.Release|Any CPU.ActiveCfg = Release|Any CPU
		{1BEA8DBB-DC62-44BC-A8D6-8397FC944C83}.Release|Any CPU.Build.0 = Release|Any CPU
		{CEE27D57-E044-4A37-8933-6EAD1A3B75D3}.Debug|Any CPU.ActiveCfg = Debug|Any CPU
		{CEE27D57-E044-4A37-8933-6EAD1A3B75D3}.Debug|Any CPU.Build.0 = Debug|Any CPU
		{CEE27D57-E044-4A37-8933-6EAD1A3B75D3}.Release|Any CPU.ActiveCfg = Release|Any CPU
		{CEE27D57-E044-4A37-8933-6EAD1A3B75D3}.Release|Any CPU.Build.0 = Release|Any CPU
		{5B1957FE-11CC-4AF0-AD64-12413D8FB483}.Debug|Any CPU.ActiveCfg = Debug|Any CPU
		{5B1957FE-11CC-4AF0-AD64-12413D8FB483}.Debug|Any CPU.Build.0 = Debug|Any CPU
		{5B1957FE-11CC-4AF0-AD64-12413D8FB483}.Release|Any CPU.ActiveCfg = Release|Any CPU
		{5B1957FE-11CC-4AF0-AD64-12413D8FB483}.Release|Any CPU.Build.0 = Release|Any CPU
		{CAD85E97-C853-4D5C-89F0-F299233A7088}.Debug|Any CPU.ActiveCfg = Debug|Any CPU
		{CAD85E97-C853-4D5C-89F0-F299233A7088}.Debug|Any CPU.Build.0 = Debug|Any CPU
		{CAD85E97-C853-4D5C-89F0-F299233A7088}.Release|Any CPU.ActiveCfg = Release|Any CPU
		{CAD85E97-C853-4D5C-89F0-F299233A7088}.Release|Any CPU.Build.0 = Release|Any CPU
		{F14DF0F4-9787-4E4B-B16A-EDE2E821E366}.Debug|Any CPU.ActiveCfg = Debug|Any CPU
		{F14DF0F4-9787-4E4B-B16A-EDE2E821E366}.Debug|Any CPU.Build.0 = Debug|Any CPU
		{F14DF0F4-9787-4E4B-B16A-EDE2E821E366}.Release|Any CPU.ActiveCfg = Release|Any CPU
		{F14DF0F4-9787-4E4B-B16A-EDE2E821E366}.Release|Any CPU.Build.0 = Release|Any CPU
	EndGlobalSection
	GlobalSection(SolutionProperties) = preSolution
		HideSolutionNode = FALSE
	EndGlobalSection
	GlobalSection(ExtensibilityGlobals) = postSolution
		SolutionGuid = {9556A8EC-C76A-49F2-AE68-E10DE26791C0}
	EndGlobalSection
EndGlobal
